
Microsoft Visual Studio Solution File, Format Version 12.00
# Visual Studio Version 17
VisualStudioVersion = 17.12.35527.113
MinimumVisualStudioVersion = 10.0.40219.1
Project("{2150E333-8FDC-42A3-9474-1A3956D46DE8}") = "AdapterDesignPattern", "AdapterDesignPattern", "{71575C5B-34CC-4010-B140-EC0CA353F843}"
EndProject
Project("{FAE04EC0-301F-11D3-BF4B-00C04F79EFBC}") = "AdapterDesignPattern.Example1", "AdapterDesignPattern\AdapterDesignPattern.Example1\AdapterDesignPattern.Example1.csproj", "{91561287-B4F1-43F9-A3A9-DA95FED2EE3C}"
EndProject
Project("{FAE04EC0-301F-11D3-BF4B-00C04F79EFBC}") = "AdapterDesignPattern.Example2", "AdapterDesignPattern\AdapterDesignPattern.Example2\AdapterDesignPattern.Example2.csproj", "{F9AEB4AA-F247-4946-9FA6-D06C25D2A02E}"
EndProject
Project("{2150E333-8FDC-42A3-9474-1A3956D46DE8}") = "BridgeDesignPattern", "BridgeDesignPattern", "{87D16B21-AB4C-41F5-BC20-208089483F44}"
EndProject
Project("{FAE04EC0-301F-11D3-BF4B-00C04F79EFBC}") = "BridgeDesignPattern.Example1", "BridgeDesignPattern\BridgeDesignPattern.Example1\BridgeDesignPattern.Example1.csproj", "{3B0B06B7-A1E5-4810-8C4D-AD924E9EBAFE}"
EndProject
Project("{FAE04EC0-301F-11D3-BF4B-00C04F79EFBC}") = "BridgeDesignPattern.Example2", "BridgeDesignPattern\BridgeDesignPattern.Example2\BridgeDesignPattern.Example2.csproj", "{27F0F6A2-09C0-4FB5-B833-7DD5DD36D428}"
EndProject
Project("{FAE04EC0-301F-11D3-BF4B-00C04F79EFBC}") = "BridgeDesignPattern.Example3", "BridgeDesignPattern\BridgeDesignPattern.Example3\BridgeDesignPattern.Example3.csproj", "{68CD265B-059B-4745-A4DE-8627156E5A9A}"
EndProject
Project("{2150E333-8FDC-42A3-9474-1A3956D46DE8}") = "CompositeDesignPattern", "CompositeDesignPattern", "{2F1C0B00-DF56-433E-A973-12C751F49621}"
EndProject
Project("{FAE04EC0-301F-11D3-BF4B-00C04F79EFBC}") = "CompositeDesignPattern.Example1", "CompositeDesignPattern\CompositeDesignPattern.Example1\CompositeDesignPattern.Example1.csproj", "{FE3BC204-1DB3-4047-93A9-1B24A4BEBB6A}"
EndProject
Project("{FAE04EC0-301F-11D3-BF4B-00C04F79EFBC}") = "CompositeDesignPattern.Example2", "CompositeDesignPattern\CompositeDesignPattern.Example2\CompositeDesignPattern.Example2.csproj", "{18A4D7EF-8122-4CFA-9881-6CAB608EE0C5}"
EndProject
Project("{FAE04EC0-301F-11D3-BF4B-00C04F79EFBC}") = "CompositeDesignPattern.Example3", "CompositeDesignPattern\CompositeDesignPattern.Example3\CompositeDesignPattern.Example3.csproj", "{AD81B873-7944-45E5-983F-1009A165770A}"
EndProject
Project("{2150E333-8FDC-42A3-9474-1A3956D46DE8}") = "DecoratorDesignPattern", "DecoratorDesignPattern", "{70B2CB1C-601A-4930-84C4-A1989A2EDB0E}"
EndProject
Project("{FAE04EC0-301F-11D3-BF4B-00C04F79EFBC}") = "DecoratorDesignPattern.Example1", "DecoratorDesignPattern\DecoratorDesignPattern.Example1\DecoratorDesignPattern.Example1.csproj", "{CA2FB24A-DA90-4696-80D4-46FB57E4A1DC}"
EndProject
Project("{FAE04EC0-301F-11D3-BF4B-00C04F79EFBC}") = "DecoratorDesignPattern.Example2", "DecoratorDesignPattern\DecoratorDesignPattern.Example2\DecoratorDesignPattern.Example2.csproj", "{F94B14C3-B747-4495-974B-B73B61E9E5CC}"
EndProject
Project("{FAE04EC0-301F-11D3-BF4B-00C04F79EFBC}") = "DecoratorDesignPattern.Example3", "DecoratorDesignPattern\DecoratorDesignPattern.Example3\DecoratorDesignPattern.Example3.csproj", "{5D0C6369-F5EB-4C4A-9BD9-48C2E4198535}"
EndProject
Project("{2150E333-8FDC-42A3-9474-1A3956D46DE8}") = "FacadeDesignPattern", "FacadeDesignPattern", "{13556898-5FB2-40BC-95FF-E4E7AE754680}"
EndProject
Project("{FAE04EC0-301F-11D3-BF4B-00C04F79EFBC}") = "FacadeDesignPattern.Example1", "FacadeDesignPattern\FacadeDesignPattern.Example1\FacadeDesignPattern.Example1.csproj", "{DBB84C41-C26A-4756-9948-06EBF984CE3E}"
EndProject
Project("{FAE04EC0-301F-11D3-BF4B-00C04F79EFBC}") = "FacadeDesignPattern.Example2", "FacadeDesignPattern\FacadeDesignPattern.Example2\FacadeDesignPattern.Example2.csproj", "{FB36C335-BCBB-4CA6-AEFC-0B26342E3C0E}"
EndProject
Global
	GlobalSection(SolutionConfigurationPlatforms) = preSolution
		Debug|Any CPU = Debug|Any CPU
		Release|Any CPU = Release|Any CPU
	EndGlobalSection
	GlobalSection(ProjectConfigurationPlatforms) = postSolution
		{91561287-B4F1-43F9-A3A9-DA95FED2EE3C}.Debug|Any CPU.ActiveCfg = Debug|Any CPU
		{91561287-B4F1-43F9-A3A9-DA95FED2EE3C}.Debug|Any CPU.Build.0 = Debug|Any CPU
		{91561287-B4F1-43F9-A3A9-DA95FED2EE3C}.Release|Any CPU.ActiveCfg = Release|Any CPU
		{91561287-B4F1-43F9-A3A9-DA95FED2EE3C}.Release|Any CPU.Build.0 = Release|Any CPU
		{F9AEB4AA-F247-4946-9FA6-D06C25D2A02E}.Debug|Any CPU.ActiveCfg = Debug|Any CPU
		{F9AEB4AA-F247-4946-9FA6-D06C25D2A02E}.Debug|Any CPU.Build.0 = Debug|Any CPU
		{F9AEB4AA-F247-4946-9FA6-D06C25D2A02E}.Release|Any CPU.ActiveCfg = Release|Any CPU
		{F9AEB4AA-F247-4946-9FA6-D06C25D2A02E}.Release|Any CPU.Build.0 = Release|Any CPU
		{3B0B06B7-A1E5-4810-8C4D-AD924E9EBAFE}.Debug|Any CPU.ActiveCfg = Debug|Any CPU
		{3B0B06B7-A1E5-4810-8C4D-AD924E9EBAFE}.Debug|Any CPU.Build.0 = Debug|Any CPU
		{3B0B06B7-A1E5-4810-8C4D-AD924E9EBAFE}.Release|Any CPU.ActiveCfg = Release|Any CPU
		{3B0B06B7-A1E5-4810-8C4D-AD924E9EBAFE}.Release|Any CPU.Build.0 = Release|Any CPU
		{27F0F6A2-09C0-4FB5-B833-7DD5DD36D428}.Debug|Any CPU.ActiveCfg = Debug|Any CPU
		{27F0F6A2-09C0-4FB5-B833-7DD5DD36D428}.Debug|Any CPU.Build.0 = Debug|Any CPU
		{27F0F6A2-09C0-4FB5-B833-7DD5DD36D428}.Release|Any CPU.ActiveCfg = Release|Any CPU
		{27F0F6A2-09C0-4FB5-B833-7DD5DD36D428}.Release|Any CPU.Build.0 = Release|Any CPU
		{68CD265B-059B-4745-A4DE-8627156E5A9A}.Debug|Any CPU.ActiveCfg = Debug|Any CPU
		{68CD265B-059B-4745-A4DE-8627156E5A9A}.Debug|Any CPU.Build.0 = Debug|Any CPU
		{68CD265B-059B-4745-A4DE-8627156E5A9A}.Release|Any CPU.ActiveCfg = Release|Any CPU
		{68CD265B-059B-4745-A4DE-8627156E5A9A}.Release|Any CPU.Build.0 = Release|Any CPU
		{FE3BC204-1DB3-4047-93A9-1B24A4BEBB6A}.Debug|Any CPU.ActiveCfg = Debug|Any CPU
		{FE3BC204-1DB3-4047-93A9-1B24A4BEBB6A}.Debug|Any CPU.Build.0 = Debug|Any CPU
		{FE3BC204-1DB3-4047-93A9-1B24A4BEBB6A}.Release|Any CPU.ActiveCfg = Release|Any CPU
		{FE3BC204-1DB3-4047-93A9-1B24A4BEBB6A}.Release|Any CPU.Build.0 = Release|Any CPU
		{18A4D7EF-8122-4CFA-9881-6CAB608EE0C5}.Debug|Any CPU.ActiveCfg = Debug|Any CPU
		{18A4D7EF-8122-4CFA-9881-6CAB608EE0C5}.Debug|Any CPU.Build.0 = Debug|Any CPU
		{18A4D7EF-8122-4CFA-9881-6CAB608EE0C5}.Release|Any CPU.ActiveCfg = Release|Any CPU
		{18A4D7EF-8122-4CFA-9881-6CAB608EE0C5}.Release|Any CPU.Build.0 = Release|Any CPU
		{AD81B873-7944-45E5-983F-1009A165770A}.Debug|Any CPU.ActiveCfg = Debug|Any CPU
		{AD81B873-7944-45E5-983F-1009A165770A}.Debug|Any CPU.Build.0 = Debug|Any CPU
		{AD81B873-7944-45E5-983F-1009A165770A}.Release|Any CPU.ActiveCfg = Release|Any CPU
		{AD81B873-7944-45E5-983F-1009A165770A}.Release|Any CPU.Build.0 = Release|Any CPU
		{CA2FB24A-DA90-4696-80D4-46FB57E4A1DC}.Debug|Any CPU.ActiveCfg = Debug|Any CPU
		{CA2FB24A-DA90-4696-80D4-46FB57E4A1DC}.Debug|Any CPU.Build.0 = Debug|Any CPU
		{CA2FB24A-DA90-4696-80D4-46FB57E4A1DC}.Release|Any CPU.ActiveCfg = Release|Any CPU
		{CA2FB24A-DA90-4696-80D4-46FB57E4A1DC}.Release|Any CPU.Build.0 = Release|Any CPU
		{F94B14C3-B747-4495-974B-B73B61E9E5CC}.Debug|Any CPU.ActiveCfg = Debug|Any CPU
		{F94B14C3-B747-4495-974B-B73B61E9E5CC}.Debug|Any CPU.Build.0 = Debug|Any CPU
		{F94B14C3-B747-4495-974B-B73B61E9E5CC}.Release|Any CPU.ActiveCfg = Release|Any CPU
		{F94B14C3-B747-4495-974B-B73B61E9E5CC}.Release|Any CPU.Build.0 = Release|Any CPU
		{5D0C6369-F5EB-4C4A-9BD9-48C2E4198535}.Debug|Any CPU.ActiveCfg = Debug|Any CPU
		{5D0C6369-F5EB-4C4A-9BD9-48C2E4198535}.Debug|Any CPU.Build.0 = Debug|Any CPU
		{5D0C6369-F5EB-4C4A-9BD9-48C2E4198535}.Release|Any CPU.ActiveCfg = Release|Any CPU
		{5D0C6369-F5EB-4C4A-9BD9-48C2E4198535}.Release|Any CPU.Build.0 = Release|Any CPU
		{DBB84C41-C26A-4756-9948-06EBF984CE3E}.Debug|Any CPU.ActiveCfg = Debug|Any CPU
		{DBB84C41-C26A-4756-9948-06EBF984CE3E}.Debug|Any CPU.Build.0 = Debug|Any CPU
		{DBB84C41-C26A-4756-9948-06EBF984CE3E}.Release|Any CPU.ActiveCfg = Release|Any CPU
		{DBB84C41-C26A-4756-9948-06EBF984CE3E}.Release|Any CPU.Build.0 = Release|Any CPU
		{FB36C335-BCBB-4CA6-AEFC-0B26342E3C0E}.Debug|Any CPU.ActiveCfg = Debug|Any CPU
		{FB36C335-BCBB-4CA6-AEFC-0B26342E3C0E}.Debug|Any CPU.Build.0 = Debug|Any CPU
		{FB36C335-BCBB-4CA6-AEFC-0B26342E3C0E}.Release|Any CPU.ActiveCfg = Release|Any CPU
		{FB36C335-BCBB-4CA6-AEFC-0B26342E3C0E}.Release|Any CPU.Build.0 = Release|Any CPU
	EndGlobalSection
	GlobalSection(SolutionProperties) = preSolution
		HideSolutionNode = FALSE
	EndGlobalSection
	GlobalSection(NestedProjects) = preSolution
		{91561287-B4F1-43F9-A3A9-DA95FED2EE3C} = {71575C5B-34CC-4010-B140-EC0CA353F843}
		{F9AEB4AA-F247-4946-9FA6-D06C25D2A02E} = {71575C5B-34CC-4010-B140-EC0CA353F843}
		{3B0B06B7-A1E5-4810-8C4D-AD924E9EBAFE} = {87D16B21-AB4C-41F5-BC20-208089483F44}
		{27F0F6A2-09C0-4FB5-B833-7DD5DD36D428} = {87D16B21-AB4C-41F5-BC20-208089483F44}
		{68CD265B-059B-4745-A4DE-8627156E5A9A} = {87D16B21-AB4C-41F5-BC20-208089483F44}
		{FE3BC204-1DB3-4047-93A9-1B24A4BEBB6A} = {2F1C0B00-DF56-433E-A973-12C751F49621}
		{18A4D7EF-8122-4CFA-9881-6CAB608EE0C5} = {2F1C0B00-DF56-433E-A973-12C751F49621}
		{AD81B873-7944-45E5-983F-1009A165770A} = {2F1C0B00-DF56-433E-A973-12C751F49621}
		{CA2FB24A-DA90-4696-80D4-46FB57E4A1DC} = {70B2CB1C-601A-4930-84C4-A1989A2EDB0E}
		{F94B14C3-B747-4495-974B-B73B61E9E5CC} = {70B2CB1C-601A-4930-84C4-A1989A2EDB0E}
		{5D0C6369-F5EB-4C4A-9BD9-48C2E4198535} = {70B2CB1C-601A-4930-84C4-A1989A2EDB0E}
		{DBB84C41-C26A-4756-9948-06EBF984CE3E} = {13556898-5FB2-40BC-95FF-E4E7AE754680}
		{FB36C335-BCBB-4CA6-AEFC-0B26342E3C0E} = {13556898-5FB2-40BC-95FF-E4E7AE754680}
	EndGlobalSection
EndGlobal
