
Microsoft Visual Studio Solution File, Format Version 12.00
# Visual Studio Version 17
VisualStudioVersion = 17.12.35527.113
MinimumVisualStudioVersion = 10.0.40219.1
Project("{2150E333-8FDC-42A3-9474-1A3956D46DE8}") = "AdapterDesignPattern", "AdapterDesignPattern", "{71575C5B-34CC-4010-B140-EC0CA353F843}"
EndProject
Project("{FAE04EC0-301F-11D3-BF4B-00C04F79EFBC}") = "AdapterDesignPattern.Example1", "AdapterDesignPattern\AdapterDesignPattern.Example1\AdapterDesignPattern.Example1.csproj", "{91561287-B4F1-43F9-A3A9-DA95FED2EE3C}"
EndProject
Global
	GlobalSection(SolutionConfigurationPlatforms) = preSolution
		Debug|Any CPU = Debug|Any CPU
		Release|Any CPU = Release|Any CPU
	EndGlobalSection
	GlobalSection(ProjectConfigurationPlatforms) = postSolution
		{91561287-B4F1-43F9-A3A9-DA95FED2EE3C}.Debug|Any CPU.ActiveCfg = Debug|Any CPU
		{91561287-B4F1-43F9-A3A9-DA95FED2EE3C}.Debug|Any CPU.Build.0 = Debug|Any CPU
		{91561287-B4F1-43F9-A3A9-DA95FED2EE3C}.Release|Any CPU.ActiveCfg = Release|Any CPU
		{91561287-B4F1-43F9-A3A9-DA95FED2EE3C}.Release|Any CPU.Build.0 = Release|Any CPU
	EndGlobalSection
	GlobalSection(SolutionProperties) = preSolution
		HideSolutionNode = FALSE
	EndGlobalSection
	GlobalSection(NestedProjects) = preSolution
		{91561287-B4F1-43F9-A3A9-DA95FED2EE3C} = {71575C5B-34CC-4010-B140-EC0CA353F843}
	EndGlobalSection
EndGlobal
